
Microsoft Visual Studio Solution File, Format Version 12.00
# Visual Studio 15
VisualStudioVersion = 15.0.28307.271
MinimumVisualStudioVersion = 10.0.40219.1
Project("{FAE04EC0-301F-11D3-BF4B-00C04F79EFBC}") = "POSTDemo", "POSTDemo\POSTDemo.csproj", "{0CC3CAFA-ACDD-4C8E-8B85-C3A30D899268}"
EndProject
Project("{FAE04EC0-301F-11D3-BF4B-00C04F79EFBC}") = "EntityDemo", "EntityDemo\EntityDemo.csproj", "{F4832705-166F-46BB-AFC1-3D385359C7E3}"
EndProject
Global
	GlobalSection(SolutionConfigurationPlatforms) = preSolution
		Debug|Any CPU = Debug|Any CPU
		Release|Any CPU = Release|Any CPU
	EndGlobalSection
	GlobalSection(ProjectConfigurationPlatforms) = postSolution
		{0CC3CAFA-ACDD-4C8E-8B85-C3A30D899268}.Debug|Any CPU.ActiveCfg = Debug|Any CPU
		{0CC3CAFA-ACDD-4C8E-8B85-C3A30D899268}.Debug|Any CPU.Build.0 = Debug|Any CPU
		{0CC3CAFA-ACDD-4C8E-8B85-C3A30D899268}.Release|Any CPU.ActiveCfg = Release|Any CPU
		{0CC3CAFA-ACDD-4C8E-8B85-C3A30D899268}.Release|Any CPU.Build.0 = Release|Any CPU
		{F4832705-166F-46BB-AFC1-3D385359C7E3}.Debug|Any CPU.ActiveCfg = Debug|Any CPU
		{F4832705-166F-46BB-AFC1-3D385359C7E3}.Debug|Any CPU.Build.0 = Debug|Any CPU
		{F4832705-166F-46BB-AFC1-3D385359C7E3}.Release|Any CPU.ActiveCfg = Release|Any CPU
		{F4832705-166F-46BB-AFC1-3D385359C7E3}.Release|Any CPU.Build.0 = Release|Any CPU
	EndGlobalSection
	GlobalSection(SolutionProperties) = preSolution
		HideSolutionNode = FALSE
	EndGlobalSection
	GlobalSection(ExtensibilityGlobals) = postSolution
		SolutionGuid = {4DAB880C-104B-455D-8BF3-34E7979DF96A}
	EndGlobalSection
EndGlobal
